{
  "name": "intern-angular",
  "version": "1.0.0",
  "lockfileVersion": 1,
  "dependencies": {
    "@some/dep1": {
      "version": "4.2.6",
      "resolved": "http://localhost"
    },
    "@some/dep2": {
      "version": "4.2.6",
      "resolved": "http://localhost"
    },
    "@some/dep3": {
      "version": "4.2.6",
      "resolved": "http://localhost"
    },
    "@some/dep4": {
      "version": "4.2.6",
      "resolved": "http://localhost"
    }
  }
}
